
Microsoft Visual Studio Solution File, Format Version 12.00
# Visual Studio Version 17
VisualStudioVersion = 17.4.33403.182
MinimumVisualStudioVersion = 10.0.40219.1
Project("{8BC9CEB8-8B4A-11D0-8D11-00A0C91BC942}") = "10812", "10812\10812.vcxproj", "{C621EEAF-3CEC-4FBD-8941-FDB3F1A10356}"
EndProject
Global
	GlobalSection(SolutionConfigurationPlatforms) = preSolution
		Debug|x64 = Debug|x64
		Debug|x86 = Debug|x86
		Release|x64 = Release|x64
		Release|x86 = Release|x86
	EndGlobalSection
	GlobalSection(ProjectConfigurationPlatforms) = postSolution
		{C621EEAF-3CEC-4FBD-8941-FDB3F1A10356}.Debug|x64.ActiveCfg = Debug|x64
		{C621EEAF-3CEC-4FBD-8941-FDB3F1A10356}.Debug|x64.Build.0 = Debug|x64
		{C621EEAF-3CEC-4FBD-8941-FDB3F1A10356}.Debug|x86.ActiveCfg = Debug|Win32
		{C621EEAF-3CEC-4FBD-8941-FDB3F1A10356}.Debug|x86.Build.0 = Debug|Win32
		{C621EEAF-3CEC-4FBD-8941-FDB3F1A10356}.Release|x64.ActiveCfg = Release|x64
		{C621EEAF-3CEC-4FBD-8941-FDB3F1A10356}.Release|x64.Build.0 = Release|x64
		{C621EEAF-3CEC-4FBD-8941-FDB3F1A10356}.Release|x86.ActiveCfg = Release|Win32
		{C621EEAF-3CEC-4FBD-8941-FDB3F1A10356}.Release|x86.Build.0 = Release|Win32
	EndGlobalSection
	GlobalSection(SolutionProperties) = preSolution
		HideSolutionNode = FALSE
	EndGlobalSection
	GlobalSection(ExtensibilityGlobals) = postSolution
		SolutionGuid = {12F173A2-96C0-4F66-9FF5-FD708234B091}
	EndGlobalSection
EndGlobal
